{
  "name": "babylon-starter-kit",
  "version": "0.0.0",
  "lockfileVersion": 3,
  "requires": true,
  "packages": {
    "": {
      "name": "babylon-starter-kit",
      "version": "0.0.0",
      "dependencies": {
        "@babylonjs/core": "^8.9.0",
        "@babylonjs/gui": "^8.1.1",
        "@babylonjs/havok": "^1.3.10",
        "@babylonjs/loaders": "^8.9.0",
        "babylon-starter-kit": "file:",
        "babylonjs": "^8.1.1",
        "babylonjs-gui": "^8.1.1",
        "vite-plugin-wasm": "^3.4.1",
        "vite-tsconfig-paths": "^5.1.4"
      },
      "devDependencies": {
        "@types/node": "^22.14.0",
        "typescript": "~5.7.2",
        "vite": "^6.2.0",
        "vite-plugin-top-level-await": "^1.5.0"
      }
    },
    "node_modules/@babylonjs/core": {
      "version": "8.9.0",
      "resolved": "https://registry.npmjs.org/@babylonjs/core/-/core-8.9.0.tgz",
      "integrity": "sha512-ZHMDsjFZqeSejtJ+sR2OjUHjk4gjgfjX/iDdZKJMHhst4T/P2pTRl/zcpuxYijqe6P03KV35n5INhShRXV/psw==",
      "license": "Apache-2.0"
    },
    "node_modules/@babylonjs/gui": {
      "version": "8.1.1",
      "resolved": "https://registry.npmjs.org/@babylonjs/gui/-/gui-8.1.1.tgz",
      "integrity": "sha512-+/7WETW1u6zyIivs6Z6RjF6jI6mC7tfXan40mi4qcRKrVdyat6neU9kmO/qdectNXVo0Qs7lvW/8/PCGY5q0bw==",
      "license": "Apache-2.0",
      "peerDependencies": {
        "@babylonjs/core": "^8.0.0"
      }
    },
    "node_modules/@babylonjs/havok": {
      "version": "1.3.10",
      "resolved": "https://registry.npmjs.org/@babylonjs/havok/-/havok-1.3.10.tgz",
      "integrity": "sha512-ddF0LPBVmg+rmPaMmwTPA9FcHyUnrSsQqFoBbYbN51WMhEJQ+7gRFW3J5lML6lN9M/fbknh6bh1ZirZ2bU2B/w==",
      "license": "MIT",
      "dependencies": {
        "@types/emscripten": "^1.39.6"
      }
    },
    "node_modules/@babylonjs/loaders": {
      "version": "8.9.0",
      "resolved": "https://registry.npmjs.org/@babylonjs/loaders/-/loaders-8.9.0.tgz",
      "integrity": "sha512-6Pm1qGGmMMg8x7LweOYRkTNt7O8UO+qi1pgg9oEN4NxH1GtcCzerEvn6jQxxALNVG7NZOVBdTbo5clfbuP0Ylg==",
      "license": "Apache-2.0",
      "peerDependencies": {
        "@babylonjs/core": "^8.0.0",
        "babylonjs-gltf2interface": "^8.0.0"
      }
    },
    "node_modules/@esbuild/aix-ppc64": {
      "version": "0.25.2",
      "resolved": "https://registry.npmjs.org/@esbuild/aix-ppc64/-/aix-ppc64-0.25.2.tgz",
      "integrity": "sha512-wCIboOL2yXZym2cgm6mlA742s9QeJ8DjGVaL39dLN4rRwrOgOyYSnOaFPhKZGLb2ngj4EyfAFjsNJwPXZvseag==",
      "cpu": [
        "ppc64"
      ],
      "license": "MIT",
      "optional": true,
      "os": [
        "aix"
      ],
      "engines": {
        "node": ">=18"
      }
    },
    "node_modules/@esbuild/android-arm": {
      "version": "0.25.2",
      "resolved": "https://registry.npmjs.org/@esbuild/android-arm/-/android-arm-0.25.2.tgz",
      "integrity": "sha512-NQhH7jFstVY5x8CKbcfa166GoV0EFkaPkCKBQkdPJFvo5u+nGXLEH/ooniLb3QI8Fk58YAx7nsPLozUWfCBOJA==",
      "cpu": [
        "arm"
      ],
      "license": "MIT",
      "optional": true,
      "os": [
        "android"
      ],
      "engines": {
        "node": ">=18"
      }
    },
    "node_modules/@esbuild/android-arm64": {
      "version": "0.25.2",
      "resolved": "https://registry.npmjs.org/@esbuild/android-arm64/-/android-arm64-0.25.2.tgz",
      "integrity": "sha512-5ZAX5xOmTligeBaeNEPnPaeEuah53Id2tX4c2CVP3JaROTH+j4fnfHCkr1PjXMd78hMst+TlkfKcW/DlTq0i4w==",
      "cpu": [
        "arm64"
      ],
      "license": "MIT",
      "optional": true,
      "os": [
        "android"
      ],
      "engines": {
        "node": ">=18"
      }
    },
    "node_modules/@esbuild/android-x64": {
      "version": "0.25.2",
      "resolved": "https://registry.npmjs.org/@esbuild/android-x64/-/android-x64-0.25.2.tgz",
      "integrity": "sha512-Ffcx+nnma8Sge4jzddPHCZVRvIfQ0kMsUsCMcJRHkGJ1cDmhe4SsrYIjLUKn1xpHZybmOqCWwB0zQvsjdEHtkg==",
      "cpu": [
        "x64"
      ],
      "license": "MIT",
      "optional": true,
      "os": [
        "android"
      ],
      "engines": {
        "node": ">=18"
      }
    },
    "node_modules/@esbuild/darwin-arm64": {
      "version": "0.25.2",
      "resolved": "https://registry.npmjs.org/@esbuild/darwin-arm64/-/darwin-arm64-0.25.2.tgz",
      "integrity": "sha512-MpM6LUVTXAzOvN4KbjzU/q5smzryuoNjlriAIx+06RpecwCkL9JpenNzpKd2YMzLJFOdPqBpuub6eVRP5IgiSA==",
      "cpu": [
        "arm64"
      ],
      "license": "MIT",
      "optional": true,
      "os": [
        "darwin"
      ],
      "engines": {
        "node": ">=18"
      }
    },
    "node_modules/@esbuild/darwin-x64": {
      "version": "0.25.2",
      "resolved": "https://registry.npmjs.org/@esbuild/darwin-x64/-/darwin-x64-0.25.2.tgz",
      "integrity": "sha512-5eRPrTX7wFyuWe8FqEFPG2cU0+butQQVNcT4sVipqjLYQjjh8a8+vUTfgBKM88ObB85ahsnTwF7PSIt6PG+QkA==",
      "cpu": [
        "x64"
      ],
      "license": "MIT",
      "optional": true,
      "os": [
        "darwin"
      ],
      "engines": {
        "node": ">=18"
      }
    },
    "node_modules/@esbuild/freebsd-arm64": {
      "version": "0.25.2",
      "resolved": "https://registry.npmjs.org/@esbuild/freebsd-arm64/-/freebsd-arm64-0.25.2.tgz",
      "integrity": "sha512-mLwm4vXKiQ2UTSX4+ImyiPdiHjiZhIaE9QvC7sw0tZ6HoNMjYAqQpGyui5VRIi5sGd+uWq940gdCbY3VLvsO1w==",
      "cpu": [
        "arm64"
      ],
      "license": "MIT",
      "optional": true,
      "os": [
        "freebsd"
      ],
      "engines": {
        "node": ">=18"
      }
    },
    "node_modules/@esbuild/freebsd-x64": {
      "version": "0.25.2",
      "resolved": "https://registry.npmjs.org/@esbuild/freebsd-x64/-/freebsd-x64-0.25.2.tgz",
      "integrity": "sha512-6qyyn6TjayJSwGpm8J9QYYGQcRgc90nmfdUb0O7pp1s4lTY+9D0H9O02v5JqGApUyiHOtkz6+1hZNvNtEhbwRQ==",
      "cpu": [
        "x64"
      ],
      "license": "MIT",
      "optional": true,
      "os": [
        "freebsd"
      ],
      "engines": {
        "node": ">=18"
      }
    },
    "node_modules/@esbuild/linux-arm": {
      "version": "0.25.2",
      "resolved": "https://registry.npmjs.org/@esbuild/linux-arm/-/linux-arm-0.25.2.tgz",
      "integrity": "sha512-UHBRgJcmjJv5oeQF8EpTRZs/1knq6loLxTsjc3nxO9eXAPDLcWW55flrMVc97qFPbmZP31ta1AZVUKQzKTzb0g==",
      "cpu": [
        "arm"
      ],
      "license": "MIT",
      "optional": true,
      "os": [
        "linux"
      ],
      "engines": {
        "node": ">=18"
      }
    },
    "node_modules/@esbuild/linux-arm64": {
      "version": "0.25.2",
      "resolved": "https://registry.npmjs.org/@esbuild/linux-arm64/-/linux-arm64-0.25.2.tgz",
      "integrity": "sha512-gq/sjLsOyMT19I8obBISvhoYiZIAaGF8JpeXu1u8yPv8BE5HlWYobmlsfijFIZ9hIVGYkbdFhEqC0NvM4kNO0g==",
      "cpu": [
        "arm64"
      ],
      "license": "MIT",
      "optional": true,
      "os": [
        "linux"
      ],
      "engines": {
        "node": ">=18"
      }
    },
    "node_modules/@esbuild/linux-ia32": {
      "version": "0.25.2",
      "resolved": "https://registry.npmjs.org/@esbuild/linux-ia32/-/linux-ia32-0.25.2.tgz",
      "integrity": "sha512-bBYCv9obgW2cBP+2ZWfjYTU+f5cxRoGGQ5SeDbYdFCAZpYWrfjjfYwvUpP8MlKbP0nwZ5gyOU/0aUzZ5HWPuvQ==",
      "cpu": [
        "ia32"
      ],
      "license": "MIT",
      "optional": true,
      "os": [
        "linux"
      ],
      "engines": {
        "node": ">=18"
      }
    },
    "node_modules/@esbuild/linux-loong64": {
      "version": "0.25.2",
      "resolved": "https://registry.npmjs.org/@esbuild/linux-loong64/-/linux-loong64-0.25.2.tgz",
      "integrity": "sha512-SHNGiKtvnU2dBlM5D8CXRFdd+6etgZ9dXfaPCeJtz+37PIUlixvlIhI23L5khKXs3DIzAn9V8v+qb1TRKrgT5w==",
      "cpu": [
        "loong64"
      ],
      "license": "MIT",
      "optional": true,
      "os": [
        "linux"
      ],
      "engines": {
        "node": ">=18"
      }
    },
    "node_modules/@esbuild/linux-mips64el": {
      "version": "0.25.2",
      "resolved": "https://registry.npmjs.org/@esbuild/linux-mips64el/-/linux-mips64el-0.25.2.tgz",
      "integrity": "sha512-hDDRlzE6rPeoj+5fsADqdUZl1OzqDYow4TB4Y/3PlKBD0ph1e6uPHzIQcv2Z65u2K0kpeByIyAjCmjn1hJgG0Q==",
      "cpu": [
        "mips64el"
      ],
      "license": "MIT",
      "optional": true,
      "os": [
        "linux"
      ],
      "engines": {
        "node": ">=18"
      }
    },
    "node_modules/@esbuild/linux-ppc64": {
      "version": "0.25.2",
      "resolved": "https://registry.npmjs.org/@esbuild/linux-ppc64/-/linux-ppc64-0.25.2.tgz",
      "integrity": "sha512-tsHu2RRSWzipmUi9UBDEzc0nLc4HtpZEI5Ba+Omms5456x5WaNuiG3u7xh5AO6sipnJ9r4cRWQB2tUjPyIkc6g==",
      "cpu": [
        "ppc64"
      ],
      "license": "MIT",
      "optional": true,
      "os": [
        "linux"
      ],
      "engines": {
        "node": ">=18"
      }
    },
    "node_modules/@esbuild/linux-riscv64": {
      "version": "0.25.2",
      "resolved": "https://registry.npmjs.org/@esbuild/linux-riscv64/-/linux-riscv64-0.25.2.tgz",
      "integrity": "sha512-k4LtpgV7NJQOml/10uPU0s4SAXGnowi5qBSjaLWMojNCUICNu7TshqHLAEbkBdAszL5TabfvQ48kK84hyFzjnw==",
      "cpu": [
        "riscv64"
      ],
      "license": "MIT",
      "optional": true,
      "os": [
        "linux"
      ],
      "engines": {
        "node": ">=18"
      }
    },
    "node_modules/@esbuild/linux-s390x": {
      "version": "0.25.2",
      "resolved": "https://registry.npmjs.org/@esbuild/linux-s390x/-/linux-s390x-0.25.2.tgz",
      "integrity": "sha512-GRa4IshOdvKY7M/rDpRR3gkiTNp34M0eLTaC1a08gNrh4u488aPhuZOCpkF6+2wl3zAN7L7XIpOFBhnaE3/Q8Q==",
      "cpu": [
        "s390x"
      ],
      "license": "MIT",
      "optional": true,
      "os": [
        "linux"
      ],
      "engines": {
        "node": ">=18"
      }
    },
    "node_modules/@esbuild/linux-x64": {
      "version": "0.25.2",
      "resolved": "https://registry.npmjs.org/@esbuild/linux-x64/-/linux-x64-0.25.2.tgz",
      "integrity": "sha512-QInHERlqpTTZ4FRB0fROQWXcYRD64lAoiegezDunLpalZMjcUcld3YzZmVJ2H/Cp0wJRZ8Xtjtj0cEHhYc/uUg==",
      "cpu": [
        "x64"
      ],
      "license": "MIT",
      "optional": true,
      "os": [
        "linux"
      ],
      "engines": {
        "node": ">=18"
      }
    },
    "node_modules/@esbuild/netbsd-arm64": {
      "version": "0.25.2",
      "resolved": "https://registry.npmjs.org/@esbuild/netbsd-arm64/-/netbsd-arm64-0.25.2.tgz",
      "integrity": "sha512-talAIBoY5M8vHc6EeI2WW9d/CkiO9MQJ0IOWX8hrLhxGbro/vBXJvaQXefW2cP0z0nQVTdQ/eNyGFV1GSKrxfw==",
      "cpu": [
        "arm64"
      ],
      "license": "MIT",
      "optional": true,
      "os": [
        "netbsd"
      ],
      "engines": {
        "node": ">=18"
      }
    },
    "node_modules/@esbuild/netbsd-x64": {
      "version": "0.25.2",
      "resolved": "https://registry.npmjs.org/@esbuild/netbsd-x64/-/netbsd-x64-0.25.2.tgz",
      "integrity": "sha512-voZT9Z+tpOxrvfKFyfDYPc4DO4rk06qamv1a/fkuzHpiVBMOhpjK+vBmWM8J1eiB3OLSMFYNaOaBNLXGChf5tg==",
      "cpu": [
        "x64"
      ],
      "license": "MIT",
      "optional": true,
      "os": [
        "netbsd"
      ],
      "engines": {
        "node": ">=18"
      }
    },
    "node_modules/@esbuild/openbsd-arm64": {
      "version": "0.25.2",
      "resolved": "https://registry.npmjs.org/@esbuild/openbsd-arm64/-/openbsd-arm64-0.25.2.tgz",
      "integrity": "sha512-dcXYOC6NXOqcykeDlwId9kB6OkPUxOEqU+rkrYVqJbK2hagWOMrsTGsMr8+rW02M+d5Op5NNlgMmjzecaRf7Tg==",
      "cpu": [
        "arm64"
      ],
      "license": "MIT",
      "optional": true,
      "os": [
        "openbsd"
      ],
      "engines": {
        "node": ">=18"
      }
    },
    "node_modules/@esbuild/openbsd-x64": {
      "version": "0.25.2",
      "resolved": "https://registry.npmjs.org/@esbuild/openbsd-x64/-/openbsd-x64-0.25.2.tgz",
      "integrity": "sha512-t/TkWwahkH0Tsgoq1Ju7QfgGhArkGLkF1uYz8nQS/PPFlXbP5YgRpqQR3ARRiC2iXoLTWFxc6DJMSK10dVXluw==",
      "cpu": [
        "x64"
      ],
      "license": "MIT",
      "optional": true,
      "os": [
        "openbsd"
      ],
      "engines": {
        "node": ">=18"
      }
    },
    "node_modules/@esbuild/sunos-x64": {
      "version": "0.25.2",
      "resolved": "https://registry.npmjs.org/@esbuild/sunos-x64/-/sunos-x64-0.25.2.tgz",
      "integrity": "sha512-cfZH1co2+imVdWCjd+D1gf9NjkchVhhdpgb1q5y6Hcv9TP6Zi9ZG/beI3ig8TvwT9lH9dlxLq5MQBBgwuj4xvA==",
      "cpu": [
        "x64"
      ],
      "license": "MIT",
      "optional": true,
      "os": [
        "sunos"
      ],
      "engines": {
        "node": ">=18"
      }
    },
    "node_modules/@esbuild/win32-arm64": {
      "version": "0.25.2",
      "resolved": "https://registry.npmjs.org/@esbuild/win32-arm64/-/win32-arm64-0.25.2.tgz",
      "integrity": "sha512-7Loyjh+D/Nx/sOTzV8vfbB3GJuHdOQyrOryFdZvPHLf42Tk9ivBU5Aedi7iyX+x6rbn2Mh68T4qq1SDqJBQO5Q==",
      "cpu": [
        "arm64"
      ],
      "license": "MIT",
      "optional": true,
      "os": [
        "win32"
      ],
      "engines": {
        "node": ">=18"
      }
    },
    "node_modules/@esbuild/win32-ia32": {
      "version": "0.25.2",
      "resolved": "https://registry.npmjs.org/@esbuild/win32-ia32/-/win32-ia32-0.25.2.tgz",
      "integrity": "sha512-WRJgsz9un0nqZJ4MfhabxaD9Ft8KioqU3JMinOTvobbX6MOSUigSBlogP8QB3uxpJDsFS6yN+3FDBdqE5lg9kg==",
      "cpu": [
        "ia32"
      ],
      "license": "MIT",
      "optional": true,
      "os": [
        "win32"
      ],
      "engines": {
        "node": ">=18"
      }
    },
    "node_modules/@esbuild/win32-x64": {
      "version": "0.25.2",
      "resolved": "https://registry.npmjs.org/@esbuild/win32-x64/-/win32-x64-0.25.2.tgz",
      "integrity": "sha512-kM3HKb16VIXZyIeVrM1ygYmZBKybX8N4p754bw390wGO3Tf2j4L2/WYL+4suWujpgf6GBYs3jv7TyUivdd05JA==",
      "cpu": [
        "x64"
      ],
      "license": "MIT",
      "optional": true,
      "os": [
        "win32"
      ],
      "engines": {
        "node": ">=18"
      }
    },
    "node_modules/@rollup/plugin-virtual": {
      "version": "3.0.2",
      "resolved": "https://registry.npmjs.org/@rollup/plugin-virtual/-/plugin-virtual-3.0.2.tgz",
      "integrity": "sha512-10monEYsBp3scM4/ND4LNH5Rxvh3e/cVeL3jWTgZ2SrQ+BmUoQcopVQvnaMcOnykb1VkxUFuDAN+0FnpTFRy2A==",
      "dev": true,
      "license": "MIT",
      "engines": {
        "node": ">=14.0.0"
      },
      "peerDependencies": {
        "rollup": "^1.20.0||^2.0.0||^3.0.0||^4.0.0"
      },
      "peerDependenciesMeta": {
        "rollup": {
          "optional": true
        }
      }
    },
    "node_modules/@rollup/rollup-android-arm-eabi": {
      "version": "4.38.0",
      "resolved": "https://registry.npmjs.org/@rollup/rollup-android-arm-eabi/-/rollup-android-arm-eabi-4.38.0.tgz",
      "integrity": "sha512-ldomqc4/jDZu/xpYU+aRxo3V4mGCV9HeTgUBANI3oIQMOL+SsxB+S2lxMpkFp5UamSS3XuTMQVbsS24R4J4Qjg==",
      "cpu": [
        "arm"
      ],
      "license": "MIT",
      "optional": true,
      "os": [
        "android"
      ]
    },
    "node_modules/@rollup/rollup-android-arm64": {
      "version": "4.38.0",
      "resolved": "https://registry.npmjs.org/@rollup/rollup-android-arm64/-/rollup-android-arm64-4.38.0.tgz",
      "integrity": "sha512-VUsgcy4GhhT7rokwzYQP+aV9XnSLkkhlEJ0St8pbasuWO/vwphhZQxYEKUP3ayeCYLhk6gEtacRpYP/cj3GjyQ==",
      "cpu": [
        "arm64"
      ],
      "license": "MIT",
      "optional": true,
      "os": [
        "android"
      ]
    },
    "node_modules/@rollup/rollup-darwin-arm64": {
      "version": "4.38.0",
      "resolved": "https://registry.npmjs.org/@rollup/rollup-darwin-arm64/-/rollup-darwin-arm64-4.38.0.tgz",
      "integrity": "sha512-buA17AYXlW9Rn091sWMq1xGUvWQFOH4N1rqUxGJtEQzhChxWjldGCCup7r/wUnaI6Au8sKXpoh0xg58a7cgcpg==",
      "cpu": [
        "arm64"
      ],
      "license": "MIT",
      "optional": true,
      "os": [
        "darwin"
      ]
    },
    "node_modules/@rollup/rollup-darwin-x64": {
      "version": "4.38.0",
      "resolved": "https://registry.npmjs.org/@rollup/rollup-darwin-x64/-/rollup-darwin-x64-4.38.0.tgz",
      "integrity": "sha512-Mgcmc78AjunP1SKXl624vVBOF2bzwNWFPMP4fpOu05vS0amnLcX8gHIge7q/lDAHy3T2HeR0TqrriZDQS2Woeg==",
      "cpu": [
        "x64"
      ],
      "license": "MIT",
      "optional": true,
      "os": [
        "darwin"
      ]
    },
    "node_modules/@rollup/rollup-freebsd-arm64": {
      "version": "4.38.0",
      "resolved": "https://registry.npmjs.org/@rollup/rollup-freebsd-arm64/-/rollup-freebsd-arm64-4.38.0.tgz",
      "integrity": "sha512-zzJACgjLbQTsscxWqvrEQAEh28hqhebpRz5q/uUd1T7VTwUNZ4VIXQt5hE7ncs0GrF+s7d3S4on4TiXUY8KoQA==",
      "cpu": [
        "arm64"
      ],
      "license": "MIT",
      "optional": true,
      "os": [
        "freebsd"
      ]
    },
    "node_modules/@rollup/rollup-freebsd-x64": {
      "version": "4.38.0",
      "resolved": "https://registry.npmjs.org/@rollup/rollup-freebsd-x64/-/rollup-freebsd-x64-4.38.0.tgz",
      "integrity": "sha512-hCY/KAeYMCyDpEE4pTETam0XZS4/5GXzlLgpi5f0IaPExw9kuB+PDTOTLuPtM10TlRG0U9OSmXJ+Wq9J39LvAg==",
      "cpu": [
        "x64"
      ],
      "license": "MIT",
      "optional": true,
      "os": [
        "freebsd"
      ]
    },
    "node_modules/@rollup/rollup-linux-arm-gnueabihf": {
      "version": "4.38.0",
      "resolved": "https://registry.npmjs.org/@rollup/rollup-linux-arm-gnueabihf/-/rollup-linux-arm-gnueabihf-4.38.0.tgz",
      "integrity": "sha512-mimPH43mHl4JdOTD7bUMFhBdrg6f9HzMTOEnzRmXbOZqjijCw8LA5z8uL6LCjxSa67H2xiLFvvO67PT05PRKGg==",
      "cpu": [
        "arm"
      ],
      "license": "MIT",
      "optional": true,
      "os": [
        "linux"
      ]
    },
    "node_modules/@rollup/rollup-linux-arm-musleabihf": {
      "version": "4.38.0",
      "resolved": "https://registry.npmjs.org/@rollup/rollup-linux-arm-musleabihf/-/rollup-linux-arm-musleabihf-4.38.0.tgz",
      "integrity": "sha512-tPiJtiOoNuIH8XGG8sWoMMkAMm98PUwlriOFCCbZGc9WCax+GLeVRhmaxjJtz6WxrPKACgrwoZ5ia/uapq3ZVg==",
      "cpu": [
        "arm"
      ],
      "license": "MIT",
      "optional": true,
      "os": [
        "linux"
      ]
    },
    "node_modules/@rollup/rollup-linux-arm64-gnu": {
      "version": "4.38.0",
      "resolved": "https://registry.npmjs.org/@rollup/rollup-linux-arm64-gnu/-/rollup-linux-arm64-gnu-4.38.0.tgz",
      "integrity": "sha512-wZco59rIVuB0tjQS0CSHTTUcEde+pXQWugZVxWaQFdQQ1VYub/sTrNdY76D1MKdN2NB48JDuGABP6o6fqos8mA==",
      "cpu": [
        "arm64"
      ],
      "license": "MIT",
      "optional": true,
      "os": [
        "linux"
      ]
    },
    "node_modules/@rollup/rollup-linux-arm64-musl": {
      "version": "4.38.0",
      "resolved": "https://registry.npmjs.org/@rollup/rollup-linux-arm64-musl/-/rollup-linux-arm64-musl-4.38.0.tgz",
      "integrity": "sha512-fQgqwKmW0REM4LomQ+87PP8w8xvU9LZfeLBKybeli+0yHT7VKILINzFEuggvnV9M3x1Ed4gUBmGUzCo/ikmFbQ==",
      "cpu": [
        "arm64"
      ],
      "license": "MIT",
      "optional": true,
      "os": [
        "linux"
      ]
    },
    "node_modules/@rollup/rollup-linux-loongarch64-gnu": {
      "version": "4.38.0",
      "resolved": "https://registry.npmjs.org/@rollup/rollup-linux-loongarch64-gnu/-/rollup-linux-loongarch64-gnu-4.38.0.tgz",
      "integrity": "sha512-hz5oqQLXTB3SbXpfkKHKXLdIp02/w3M+ajp8p4yWOWwQRtHWiEOCKtc9U+YXahrwdk+3qHdFMDWR5k+4dIlddg==",
      "cpu": [
        "loong64"
      ],
      "license": "MIT",
      "optional": true,
      "os": [
        "linux"
      ]
    },
    "node_modules/@rollup/rollup-linux-powerpc64le-gnu": {
      "version": "4.38.0",
      "resolved": "https://registry.npmjs.org/@rollup/rollup-linux-powerpc64le-gnu/-/rollup-linux-powerpc64le-gnu-4.38.0.tgz",
      "integrity": "sha512-NXqygK/dTSibQ+0pzxsL3r4Xl8oPqVoWbZV9niqOnIHV/J92fe65pOir0xjkUZDRSPyFRvu+4YOpJF9BZHQImw==",
      "cpu": [
        "ppc64"
      ],
      "license": "MIT",
      "optional": true,
      "os": [
        "linux"
      ]
    },
    "node_modules/@rollup/rollup-linux-riscv64-gnu": {
      "version": "4.38.0",
      "resolved": "https://registry.npmjs.org/@rollup/rollup-linux-riscv64-gnu/-/rollup-linux-riscv64-gnu-4.38.0.tgz",
      "integrity": "sha512-GEAIabR1uFyvf/jW/5jfu8gjM06/4kZ1W+j1nWTSSB3w6moZEBm7iBtzwQ3a1Pxos2F7Gz+58aVEnZHU295QTg==",
      "cpu": [
        "riscv64"
      ],
      "license": "MIT",
      "optional": true,
      "os": [
        "linux"
      ]
    },
    "node_modules/@rollup/rollup-linux-riscv64-musl": {
      "version": "4.38.0",
      "resolved": "https://registry.npmjs.org/@rollup/rollup-linux-riscv64-musl/-/rollup-linux-riscv64-musl-4.38.0.tgz",
      "integrity": "sha512-9EYTX+Gus2EGPbfs+fh7l95wVADtSQyYw4DfSBcYdUEAmP2lqSZY0Y17yX/3m5VKGGJ4UmIH5LHLkMJft3bYoA==",
      "cpu": [
        "riscv64"
      ],
      "license": "MIT",
      "optional": true,
      "os": [
        "linux"
      ]
    },
    "node_modules/@rollup/rollup-linux-s390x-gnu": {
      "version": "4.38.0",
      "resolved": "https://registry.npmjs.org/@rollup/rollup-linux-s390x-gnu/-/rollup-linux-s390x-gnu-4.38.0.tgz",
      "integrity": "sha512-Mpp6+Z5VhB9VDk7RwZXoG2qMdERm3Jw07RNlXHE0bOnEeX+l7Fy4bg+NxfyN15ruuY3/7Vrbpm75J9QHFqj5+Q==",
      "cpu": [
        "s390x"
      ],
      "license": "MIT",
      "optional": true,
      "os": [
        "linux"
      ]
    },
    "node_modules/@rollup/rollup-linux-x64-gnu": {
      "version": "4.38.0",
      "resolved": "https://registry.npmjs.org/@rollup/rollup-linux-x64-gnu/-/rollup-linux-x64-gnu-4.38.0.tgz",
      "integrity": "sha512-vPvNgFlZRAgO7rwncMeE0+8c4Hmc+qixnp00/Uv3ht2x7KYrJ6ERVd3/R0nUtlE6/hu7/HiiNHJ/rP6knRFt1w==",
      "cpu": [
        "x64"
      ],
      "license": "MIT",
      "optional": true,
      "os": [
        "linux"
      ]
    },
    "node_modules/@rollup/rollup-linux-x64-musl": {
      "version": "4.38.0",
      "resolved": "https://registry.npmjs.org/@rollup/rollup-linux-x64-musl/-/rollup-linux-x64-musl-4.38.0.tgz",
      "integrity": "sha512-q5Zv+goWvQUGCaL7fU8NuTw8aydIL/C9abAVGCzRReuj5h30TPx4LumBtAidrVOtXnlB+RZkBtExMsfqkMfb8g==",
      "cpu": [
        "x64"
      ],
      "license": "MIT",
      "optional": true,
      "os": [
        "linux"
      ]
    },
    "node_modules/@rollup/rollup-win32-arm64-msvc": {
      "version": "4.38.0",
      "resolved": "https://registry.npmjs.org/@rollup/rollup-win32-arm64-msvc/-/rollup-win32-arm64-msvc-4.38.0.tgz",
      "integrity": "sha512-u/Jbm1BU89Vftqyqbmxdq14nBaQjQX1HhmsdBWqSdGClNaKwhjsg5TpW+5Ibs1mb8Es9wJiMdl86BcmtUVXNZg==",
      "cpu": [
        "arm64"
      ],
      "license": "MIT",
      "optional": true,
      "os": [
        "win32"
      ]
    },
    "node_modules/@rollup/rollup-win32-ia32-msvc": {
      "version": "4.38.0",
      "resolved": "https://registry.npmjs.org/@rollup/rollup-win32-ia32-msvc/-/rollup-win32-ia32-msvc-4.38.0.tgz",
      "integrity": "sha512-mqu4PzTrlpNHHbu5qleGvXJoGgHpChBlrBx/mEhTPpnAL1ZAYFlvHD7rLK839LLKQzqEQMFJfGrrOHItN4ZQqA==",
      "cpu": [
        "ia32"
      ],
      "license": "MIT",
      "optional": true,
      "os": [
        "win32"
      ]
    },
    "node_modules/@rollup/rollup-win32-x64-msvc": {
      "version": "4.38.0",
      "resolved": "https://registry.npmjs.org/@rollup/rollup-win32-x64-msvc/-/rollup-win32-x64-msvc-4.38.0.tgz",
      "integrity": "sha512-jjqy3uWlecfB98Psxb5cD6Fny9Fupv9LrDSPTQZUROqjvZmcCqNu4UMl7qqhlUUGpwiAkotj6GYu4SZdcr/nLw==",
      "cpu": [
        "x64"
      ],
      "license": "MIT",
      "optional": true,
      "os": [
        "win32"
      ]
    },
    "node_modules/@swc/core": {
      "version": "1.11.16",
      "resolved": "https://registry.npmjs.org/@swc/core/-/core-1.11.16.tgz",
      "integrity": "sha512-wgjrJqVUss8Lxqilg0vkiE0tkEKU3mZkoybQM1Ehy+PKWwwB6lFAwKi20cAEFlSSWo8jFR8hRo19ZELAoLDowg==",
      "dev": true,
      "hasInstallScript": true,
      "license": "Apache-2.0",
      "dependencies": {
        "@swc/counter": "^0.1.3",
        "@swc/types": "^0.1.21"
      },
      "engines": {
        "node": ">=10"
      },
      "funding": {
        "type": "opencollective",
        "url": "https://opencollective.com/swc"
      },
      "optionalDependencies": {
        "@swc/core-darwin-arm64": "1.11.16",
        "@swc/core-darwin-x64": "1.11.16",
        "@swc/core-linux-arm-gnueabihf": "1.11.16",
        "@swc/core-linux-arm64-gnu": "1.11.16",
        "@swc/core-linux-arm64-musl": "1.11.16",
        "@swc/core-linux-x64-gnu": "1.11.16",
        "@swc/core-linux-x64-musl": "1.11.16",
        "@swc/core-win32-arm64-msvc": "1.11.16",
        "@swc/core-win32-ia32-msvc": "1.11.16",
        "@swc/core-win32-x64-msvc": "1.11.16"
      },
      "peerDependencies": {
        "@swc/helpers": "*"
      },
      "peerDependenciesMeta": {
        "@swc/helpers": {
          "optional": true
        }
      }
    },
    "node_modules/@swc/core-darwin-arm64": {
      "version": "1.11.16",
      "resolved": "https://registry.npmjs.org/@swc/core-darwin-arm64/-/core-darwin-arm64-1.11.16.tgz",
      "integrity": "sha512-l6uWMU+MUdfLHCl3dJgtVEdsUHPskoA4BSu0L1hh9SGBwPZ8xeOz8iLIqZM27lTuXxL4KsYH6GQR/OdQ/vhLtg==",
      "cpu": [
        "arm64"
      ],
      "dev": true,
      "license": "Apache-2.0 AND MIT",
      "optional": true,
      "os": [
        "darwin"
      ],
      "engines": {
        "node": ">=10"
      }
    },
    "node_modules/@swc/core-darwin-x64": {
      "version": "1.11.16",
      "resolved": "https://registry.npmjs.org/@swc/core-darwin-x64/-/core-darwin-x64-1.11.16.tgz",
      "integrity": "sha512-TH0IW8Ao1WZ4ARFHIh29dAQHYBEl4YnP74n++rjppmlCjY+8v3s5nXMA7IqxO3b5LVHyggWtU4+46DXTyMJM7g==",
      "cpu": [
        "x64"
      ],
      "dev": true,
      "license": "Apache-2.0 AND MIT",
      "optional": true,
      "os": [
        "darwin"
      ],
      "engines": {
        "node": ">=10"
      }
    },
    "node_modules/@swc/core-linux-arm-gnueabihf": {
      "version": "1.11.16",
      "resolved": "https://registry.npmjs.org/@swc/core-linux-arm-gnueabihf/-/core-linux-arm-gnueabihf-1.11.16.tgz",
      "integrity": "sha512-2IxD9t09oNZrbv37p4cJ9cTHMUAK6qNiShi9s2FJ9LcqSnZSN4iS4hvaaX6KZuG54d58vWnMU7yycjkdOTQcMg==",
      "cpu": [
        "arm"
      ],
      "dev": true,
      "license": "Apache-2.0",
      "optional": true,
      "os": [
        "linux"
      ],
      "engines": {
        "node": ">=10"
      }
    },
    "node_modules/@swc/core-linux-arm64-gnu": {
      "version": "1.11.16",
      "resolved": "https://registry.npmjs.org/@swc/core-linux-arm64-gnu/-/core-linux-arm64-gnu-1.11.16.tgz",
      "integrity": "sha512-AYkN23DOiPh1bf3XBf/xzZQDKSsgZTxlbyTyUIhprLJpAAAT0ZCGAUcS5mHqydk0nWQ13ABUymodvHoroutNzw==",
      "cpu": [
        "arm64"
      ],
      "dev": true,
      "license": "Apache-2.0 AND MIT",
      "optional": true,
      "os": [
        "linux"
      ],
      "engines": {
        "node": ">=10"
      }
    },
    "node_modules/@swc/core-linux-arm64-musl": {
      "version": "1.11.16",
      "resolved": "https://registry.npmjs.org/@swc/core-linux-arm64-musl/-/core-linux-arm64-musl-1.11.16.tgz",
      "integrity": "sha512-n/nWXDRCIhM51dDGELfBcTMNnCiFatE7LDvsbYxb7DJt1HGjaCNvHHCKURb/apJTh/YNtWfgFap9dbsTgw8yPA==",
      "cpu": [
        "arm64"
      ],
      "dev": true,
      "license": "Apache-2.0 AND MIT",
      "optional": true,
      "os": [
        "linux"
      ],
      "engines": {
        "node": ">=10"
      }
    },
    "node_modules/@swc/core-linux-x64-gnu": {
      "version": "1.11.16",
      "resolved": "https://registry.npmjs.org/@swc/core-linux-x64-gnu/-/core-linux-x64-gnu-1.11.16.tgz",
      "integrity": "sha512-xr182YQrF47n7Awxj+/ruI21bYw+xO/B26KFVnb+i3ezF9NOhqoqTX+33RL1ZLA/uFTq8ksPZO/y+ZVS/odtQA==",
      "cpu": [
        "x64"
      ],
      "dev": true,
      "license": "Apache-2.0 AND MIT",
      "optional": true,
      "os": [
        "linux"
      ],
      "engines": {
        "node": ">=10"
      }
    },
    "node_modules/@swc/core-linux-x64-musl": {
      "version": "1.11.16",
      "resolved": "https://registry.npmjs.org/@swc/core-linux-x64-musl/-/core-linux-x64-musl-1.11.16.tgz",
      "integrity": "sha512-k2JBfiwWfXCIKrBRjFO9/vEdLSYq0QLJ+iNSLdfrejZ/aENNkbEg8O7O2GKUSb30RBacn6k8HMfJrcPLFiEyCQ==",
      "cpu": [
        "x64"
      ],
      "dev": true,
      "license": "Apache-2.0 AND MIT",
      "optional": true,
      "os": [
        "linux"
      ],
      "engines": {
        "node": ">=10"
      }
    },
    "node_modules/@swc/core-win32-arm64-msvc": {
      "version": "1.11.16",
      "resolved": "https://registry.npmjs.org/@swc/core-win32-arm64-msvc/-/core-win32-arm64-msvc-1.11.16.tgz",
      "integrity": "sha512-taOb5U+abyEhQgex+hr6cI48BoqSvSdfmdirWcxprIEUBHCxa1dSriVwnJRAJOFI9T+5BEz88by6rgbB9MjbHA==",
      "cpu": [
        "arm64"
      ],
      "dev": true,
      "license": "Apache-2.0 AND MIT",
      "optional": true,
      "os": [
        "win32"
      ],
      "engines": {
        "node": ">=10"
      }
    },
    "node_modules/@swc/core-win32-ia32-msvc": {
      "version": "1.11.16",
      "resolved": "https://registry.npmjs.org/@swc/core-win32-ia32-msvc/-/core-win32-ia32-msvc-1.11.16.tgz",
      "integrity": "sha512-b7yYggM9LBDiMY+XUt5kYWvs5sn0U3PXSOGvF3CbLufD/N/YQiDcYON2N3lrWHYL8aYnwbuZl45ojmQHSQPcdA==",
      "cpu": [
        "ia32"
      ],
      "dev": true,
      "license": "Apache-2.0 AND MIT",
      "optional": true,
      "os": [
        "win32"
      ],
      "engines": {
        "node": ">=10"
      }
    },
    "node_modules/@swc/core-win32-x64-msvc": {
      "version": "1.11.16",
      "resolved": "https://registry.npmjs.org/@swc/core-win32-x64-msvc/-/core-win32-x64-msvc-1.11.16.tgz",
      "integrity": "sha512-/ibq/YDc3B5AROkpOKPGxVkSyCKOg+ml8k11RxrW7FAPy6a9y5y9KPcWIqV74Ahq4RuaMNslTQqHWAGSm0xJsQ==",
      "cpu": [
        "x64"
      ],
      "dev": true,
      "license": "Apache-2.0 AND MIT",
      "optional": true,
      "os": [
        "win32"
      ],
      "engines": {
        "node": ">=10"
      }
    },
    "node_modules/@swc/counter": {
      "version": "0.1.3",
      "resolved": "https://registry.npmjs.org/@swc/counter/-/counter-0.1.3.tgz",
      "integrity": "sha512-e2BR4lsJkkRlKZ/qCHPw9ZaSxc0MVUd7gtbtaB7aMvHeJVYe8sOB8DBZkP2DtISHGSku9sCK6T6cnY0CtXrOCQ==",
      "dev": true,
      "license": "Apache-2.0"
    },
    "node_modules/@swc/types": {
      "version": "0.1.21",
      "resolved": "https://registry.npmjs.org/@swc/types/-/types-0.1.21.tgz",
      "integrity": "sha512-2YEtj5HJVbKivud9N4bpPBAyZhj4S2Ipe5LkUG94alTpr7in/GU/EARgPAd3BwU+YOmFVJC2+kjqhGRi3r0ZpQ==",
      "dev": true,
      "license": "Apache-2.0",
      "dependencies": {
        "@swc/counter": "^0.1.3"
      }
    },
    "node_modules/@types/emscripten": {
      "version": "1.40.1",
      "resolved": "https://registry.npmjs.org/@types/emscripten/-/emscripten-1.40.1.tgz",
      "integrity": "sha512-sr53lnYkQNhjHNN0oJDdUm5564biioI5DuOpycufDVK7D3y+GR3oUswe2rlwY1nPNyusHbrJ9WoTyIHl4/Bpwg==",
      "license": "MIT"
    },
    "node_modules/@types/estree": {
      "version": "1.0.7",
      "resolved": "https://registry.npmjs.org/@types/estree/-/estree-1.0.7.tgz",
      "integrity": "sha512-w28IoSUCJpidD/TGviZwwMJckNESJZXFu7NBZ5YJ4mEUnNraUn9Pm8HSZm/jDF1pDWYKspWE7oVphigUPRakIQ==",
      "license": "MIT"
    },
    "node_modules/@types/node": {
      "version": "22.14.0",
      "resolved": "https://registry.npmjs.org/@types/node/-/node-22.14.0.tgz",
      "integrity": "sha512-Kmpl+z84ILoG+3T/zQFyAJsU6EPTmOCj8/2+83fSN6djd6I4o7uOuGIH6vq3PrjY5BGitSbFuMN18j3iknubbA==",
      "devOptional": true,
      "license": "MIT",
      "dependencies": {
        "undici-types": "~6.21.0"
      }
    },
    "node_modules/babylon-starter-kit": {
      "resolved": "",
      "link": true
    },
    "node_modules/babylonjs": {
      "version": "8.1.1",
      "resolved": "https://registry.npmjs.org/babylonjs/-/babylonjs-8.1.1.tgz",
      "integrity": "sha512-AKCBf3boSJKwiChslOwDnWDo0KNzOmopLn5OwOZKaHbsGIHcnHXhOa5lb5+ipCeAfV2PmIYe53mHDjlo3epdcw==",
      "hasInstallScript": true,
      "license": "Apache-2.0"
    },
    "node_modules/babylonjs-gltf2interface": {
      "version": "8.9.0",
      "resolved": "https://registry.npmjs.org/babylonjs-gltf2interface/-/babylonjs-gltf2interface-8.9.0.tgz",
      "integrity": "sha512-3Ob/5OS618JEUQ1ojRfv3xk+vFuztBpn3rmXUh7TBknwzzz75DneUCoRCeWZz1log0b6qkYPRnxAtAPEvZZrhg==",
      "license": "Apache-2.0",
      "peer": true
    },
    "node_modules/babylonjs-gui": {
      "version": "8.1.1",
      "resolved": "https://registry.npmjs.org/babylonjs-gui/-/babylonjs-gui-8.1.1.tgz",
      "integrity": "sha512-QPweKt/Y6LlW6iKMOBCFW4L7LQzpQlD9jOXO7nlGDDUdkbJtOjE4jIWnIYZAxASWQih/6ovO4NSi11EvpWtfsQ==",
      "license": "Apache-2.0",
      "dependencies": {
        "babylonjs": "^8.1.1"
      }
    },
    "node_modules/debug": {
      "version": "4.4.0",
      "resolved": "https://registry.npmjs.org/debug/-/debug-4.4.0.tgz",
      "integrity": "sha512-6WTZ/IxCY/T6BALoZHaE4ctp9xm+Z5kY/pzYaCHRFeyVhojxlrm+46y68HA6hr0TcwEssoxNiDEUJQjfPZ/RYA==",
      "license": "MIT",
      "dependencies": {
        "ms": "^2.1.3"
      },
      "engines": {
        "node": ">=6.0"
      },
      "peerDependenciesMeta": {
        "supports-color": {
          "optional": true
        }
      }
    },
    "node_modules/esbuild": {
      "version": "0.25.2",
      "resolved": "https://registry.npmjs.org/esbuild/-/esbuild-0.25.2.tgz",
      "integrity": "sha512-16854zccKPnC+toMywC+uKNeYSv+/eXkevRAfwRD/G9Cleq66m8XFIrigkbvauLLlCfDL45Q2cWegSg53gGBnQ==",
      "hasInstallScript": true,
      "license": "MIT",
      "bin": {
        "esbuild": "bin/esbuild"
      },
      "engines": {
        "node": ">=18"
      },
      "optionalDependencies": {
        "@esbuild/aix-ppc64": "0.25.2",
        "@esbuild/android-arm": "0.25.2",
        "@esbuild/android-arm64": "0.25.2",
        "@esbuild/android-x64": "0.25.2",
        "@esbuild/darwin-arm64": "0.25.2",
        "@esbuild/darwin-x64": "0.25.2",
        "@esbuild/freebsd-arm64": "0.25.2",
        "@esbuild/freebsd-x64": "0.25.2",
        "@esbuild/linux-arm": "0.25.2",
        "@esbuild/linux-arm64": "0.25.2",
        "@esbuild/linux-ia32": "0.25.2",
        "@esbuild/linux-loong64": "0.25.2",
        "@esbuild/linux-mips64el": "0.25.2",
        "@esbuild/linux-ppc64": "0.25.2",
        "@esbuild/linux-riscv64": "0.25.2",
        "@esbuild/linux-s390x": "0.25.2",
        "@esbuild/linux-x64": "0.25.2",
        "@esbuild/netbsd-arm64": "0.25.2",
        "@esbuild/netbsd-x64": "0.25.2",
        "@esbuild/openbsd-arm64": "0.25.2",
        "@esbuild/openbsd-x64": "0.25.2",
        "@esbuild/sunos-x64": "0.25.2",
        "@esbuild/win32-arm64": "0.25.2",
        "@esbuild/win32-ia32": "0.25.2",
        "@esbuild/win32-x64": "0.25.2"
      }
    },
    "node_modules/fsevents": {
      "version": "2.3.3",
      "resolved": "https://registry.npmjs.org/fsevents/-/fsevents-2.3.3.tgz",
      "integrity": "sha512-5xoDfX+fL7faATnagmWPpbFtwh/R77WmMMqqHGS65C3vvB0YHrgF+B1YmZ3441tMj5n63k0212XNoJwzlhffQw==",
      "hasInstallScript": true,
      "license": "MIT",
      "optional": true,
      "os": [
        "darwin"
      ],
      "engines": {
        "node": "^8.16.0 || ^10.6.0 || >=11.0.0"
      }
    },
    "node_modules/globrex": {
      "version": "0.1.2",
      "resolved": "https://registry.npmjs.org/globrex/-/globrex-0.1.2.tgz",
      "integrity": "sha512-uHJgbwAMwNFf5mLst7IWLNg14x1CkeqglJb/K3doi4dw6q2IvAAmM/Y81kevy83wP+Sst+nutFTYOGg3d1lsxg==",
      "license": "MIT"
    },
    "node_modules/ms": {
      "version": "2.1.3",
      "resolved": "https://registry.npmjs.org/ms/-/ms-2.1.3.tgz",
      "integrity": "sha512-6FlzubTLZG3J2a/NVCAleEhjzq5oxgHyaCU9yYXvcLsvoVaHJq/s5xXI6/XXP6tz7R9xAOtHnSO/tXtF3WRTlA==",
      "license": "MIT"
    },
    "node_modules/nanoid": {
      "version": "3.3.11",
      "resolved": "https://registry.npmjs.org/nanoid/-/nanoid-3.3.11.tgz",
      "integrity": "sha512-N8SpfPUnUp1bK+PMYW8qSWdl9U+wwNWI4QKxOYDy9JAro3WMX7p2OeVRF9v+347pnakNevPmiHhNmZ2HbFA76w==",
      "funding": [
        {
          "type": "github",
          "url": "https://github.com/sponsors/ai"
        }
      ],
      "license": "MIT",
      "bin": {
        "nanoid": "bin/nanoid.cjs"
      },
      "engines": {
        "node": "^10 || ^12 || ^13.7 || ^14 || >=15.0.1"
      }
    },
    "node_modules/picocolors": {
      "version": "1.1.1",
      "resolved": "https://registry.npmjs.org/picocolors/-/picocolors-1.1.1.tgz",
      "integrity": "sha512-xceH2snhtb5M9liqDsmEw56le376mTZkEX/jEb/RxNFyegNul7eNslCXP9FDj/Lcu0X8KEyMceP2ntpaHrDEVA==",
      "license": "ISC"
    },
    "node_modules/postcss": {
      "version": "8.5.3",
      "resolved": "https://registry.npmjs.org/postcss/-/postcss-8.5.3.tgz",
      "integrity": "sha512-dle9A3yYxlBSrt8Fu+IpjGT8SY8hN0mlaA6GY8t0P5PjIOZemULz/E2Bnm/2dcUOena75OTNkHI76uZBNUUq3A==",
      "funding": [
        {
          "type": "opencollective",
          "url": "https://opencollective.com/postcss/"
        },
        {
          "type": "tidelift",
          "url": "https://tidelift.com/funding/github/npm/postcss"
        },
        {
          "type": "github",
          "url": "https://github.com/sponsors/ai"
        }
      ],
      "license": "MIT",
      "dependencies": {
        "nanoid": "^3.3.8",
        "picocolors": "^1.1.1",
        "source-map-js": "^1.2.1"
      },
      "engines": {
        "node": "^10 || ^12 || >=14"
      }
    },
    "node_modules/rollup": {
      "version": "4.38.0",
      "resolved": "https://registry.npmjs.org/rollup/-/rollup-4.38.0.tgz",
      "integrity": "sha512-5SsIRtJy9bf1ErAOiFMFzl64Ex9X5V7bnJ+WlFMb+zmP459OSWCEG7b0ERZ+PEU7xPt4OG3RHbrp1LJlXxYTrw==",
      "license": "MIT",
      "dependencies": {
        "@types/estree": "1.0.7"
      },
      "bin": {
        "rollup": "dist/bin/rollup"
      },
      "engines": {
        "node": ">=18.0.0",
        "npm": ">=8.0.0"
      },
      "optionalDependencies": {
        "@rollup/rollup-android-arm-eabi": "4.38.0",
        "@rollup/rollup-android-arm64": "4.38.0",
        "@rollup/rollup-darwin-arm64": "4.38.0",
        "@rollup/rollup-darwin-x64": "4.38.0",
        "@rollup/rollup-freebsd-arm64": "4.38.0",
        "@rollup/rollup-freebsd-x64": "4.38.0",
        "@rollup/rollup-linux-arm-gnueabihf": "4.38.0",
        "@rollup/rollup-linux-arm-musleabihf": "4.38.0",
        "@rollup/rollup-linux-arm64-gnu": "4.38.0",
        "@rollup/rollup-linux-arm64-musl": "4.38.0",
        "@rollup/rollup-linux-loongarch64-gnu": "4.38.0",
        "@rollup/rollup-linux-powerpc64le-gnu": "4.38.0",
        "@rollup/rollup-linux-riscv64-gnu": "4.38.0",
        "@rollup/rollup-linux-riscv64-musl": "4.38.0",
        "@rollup/rollup-linux-s390x-gnu": "4.38.0",
        "@rollup/rollup-linux-x64-gnu": "4.38.0",
        "@rollup/rollup-linux-x64-musl": "4.38.0",
        "@rollup/rollup-win32-arm64-msvc": "4.38.0",
        "@rollup/rollup-win32-ia32-msvc": "4.38.0",
        "@rollup/rollup-win32-x64-msvc": "4.38.0",
        "fsevents": "~2.3.2"
      }
    },
    "node_modules/source-map-js": {
      "version": "1.2.1",
      "resolved": "https://registry.npmjs.org/source-map-js/-/source-map-js-1.2.1.tgz",
      "integrity": "sha512-UXWMKhLOwVKb728IUtQPXxfYU+usdybtUrK/8uGE8CQMvrhOpwvzDBwj0QhSL7MQc7vIsISBG8VQ8+IDQxpfQA==",
      "license": "BSD-3-Clause",
      "engines": {
        "node": ">=0.10.0"
      }
    },
    "node_modules/tsconfck": {
      "version": "3.1.5",
      "resolved": "https://registry.npmjs.org/tsconfck/-/tsconfck-3.1.5.tgz",
      "integrity": "sha512-CLDfGgUp7XPswWnezWwsCRxNmgQjhYq3VXHM0/XIRxhVrKw0M1if9agzryh1QS3nxjCROvV+xWxoJO1YctzzWg==",
      "license": "MIT",
      "bin": {
        "tsconfck": "bin/tsconfck.js"
      },
      "engines": {
        "node": "^18 || >=20"
      },
      "peerDependencies": {
        "typescript": "^5.0.0"
      },
      "peerDependenciesMeta": {
        "typescript": {
          "optional": true
        }
      }
    },
    "node_modules/typescript": {
      "version": "5.7.3",
      "resolved": "https://registry.npmjs.org/typescript/-/typescript-5.7.3.tgz",
      "integrity": "sha512-84MVSjMEHP+FQRPy3pX9sTVV/INIex71s9TL2Gm5FG/WG1SqXeKyZ0k7/blY/4FdOzI12CBy1vGc4og/eus0fw==",
      "devOptional": true,
      "license": "Apache-2.0",
      "bin": {
        "tsc": "bin/tsc",
        "tsserver": "bin/tsserver"
      },
      "engines": {
        "node": ">=14.17"
      }
    },
    "node_modules/undici-types": {
      "version": "6.21.0",
      "resolved": "https://registry.npmjs.org/undici-types/-/undici-types-6.21.0.tgz",
      "integrity": "sha512-iwDZqg0QAGrg9Rav5H4n0M64c3mkR59cJ6wQp+7C4nI0gsmExaedaYLNO44eT4AtBBwjbTiGPMlt2Md0T9H9JQ==",
      "devOptional": true,
      "license": "MIT"
    },
    "node_modules/uuid": {
      "version": "10.0.0",
      "resolved": "https://registry.npmjs.org/uuid/-/uuid-10.0.0.tgz",
      "integrity": "sha512-8XkAphELsDnEGrDxUOHB3RGvXz6TeuYSGEZBOjtTtPm2lwhGBjLgOzLHB63IUWfBpNucQjND6d3AOudO+H3RWQ==",
      "dev": true,
      "funding": [
        "https://github.com/sponsors/broofa",
        "https://github.com/sponsors/ctavan"
      ],
      "license": "MIT",
      "bin": {
        "uuid": "dist/bin/uuid"
      }
    },
    "node_modules/vite": {
      "version": "6.2.4",
      "resolved": "https://registry.npmjs.org/vite/-/vite-6.2.4.tgz",
      "integrity": "sha512-veHMSew8CcRzhL5o8ONjy8gkfmFJAd5Ac16oxBUjlwgX3Gq2Wqr+qNC3TjPIpy7TPV/KporLga5GT9HqdrCizw==",
      "license": "MIT",
      "dependencies": {
        "esbuild": "^0.25.0",
        "postcss": "^8.5.3",
        "rollup": "^4.30.1"
      },
      "bin": {
        "vite": "bin/vite.js"
      },
      "engines": {
        "node": "^18.0.0 || ^20.0.0 || >=22.0.0"
      },
      "funding": {
        "url": "https://github.com/vitejs/vite?sponsor=1"
      },
      "optionalDependencies": {
        "fsevents": "~2.3.3"
      },
      "peerDependencies": {
        "@types/node": "^18.0.0 || ^20.0.0 || >=22.0.0",
        "jiti": ">=1.21.0",
        "less": "*",
        "lightningcss": "^1.21.0",
        "sass": "*",
        "sass-embedded": "*",
        "stylus": "*",
        "sugarss": "*",
        "terser": "^5.16.0",
        "tsx": "^4.8.1",
        "yaml": "^2.4.2"
      },
      "peerDependenciesMeta": {
        "@types/node": {
          "optional": true
        },
        "jiti": {
          "optional": true
        },
        "less": {
          "optional": true
        },
        "lightningcss": {
          "optional": true
        },
        "sass": {
          "optional": true
        },
        "sass-embedded": {
          "optional": true
        },
        "stylus": {
          "optional": true
        },
        "sugarss": {
          "optional": true
        },
        "terser": {
          "optional": true
        },
        "tsx": {
          "optional": true
        },
        "yaml": {
          "optional": true
        }
      }
    },
    "node_modules/vite-plugin-top-level-await": {
      "version": "1.5.0",
      "resolved": "https://registry.npmjs.org/vite-plugin-top-level-await/-/vite-plugin-top-level-await-1.5.0.tgz",
      "integrity": "sha512-r/DtuvHrSqUVk23XpG2cl8gjt1aATMG5cjExXL1BUTcSNab6CzkcPua9BPEc9fuTP5UpwClCxUe3+dNGL0yrgQ==",
      "dev": true,
      "license": "MIT",
      "dependencies": {
        "@rollup/plugin-virtual": "^3.0.2",
        "@swc/core": "^1.10.16",
        "uuid": "^10.0.0"
      },
      "peerDependencies": {
        "vite": ">=2.8"
      }
    },
    "node_modules/vite-plugin-wasm": {
      "version": "3.4.1",
      "resolved": "https://registry.npmjs.org/vite-plugin-wasm/-/vite-plugin-wasm-3.4.1.tgz",
      "integrity": "sha512-ja3nSo2UCkVeitltJGkS3pfQHAanHv/DqGatdI39ja6McgABlpsZ5hVgl6wuR8Qx5etY3T5qgDQhOWzc5RReZA==",
      "license": "MIT",
      "peerDependencies": {
        "vite": "^2 || ^3 || ^4 || ^5 || ^6"
      }
    },
    "node_modules/vite-tsconfig-paths": {
      "version": "5.1.4",
      "resolved": "https://registry.npmjs.org/vite-tsconfig-paths/-/vite-tsconfig-paths-5.1.4.tgz",
      "integrity": "sha512-cYj0LRuLV2c2sMqhqhGpaO3LretdtMn/BVX4cPLanIZuwwrkVl+lK84E/miEXkCHWXuq65rhNN4rXsBcOB3S4w==",
      "license": "MIT",
      "dependencies": {
        "debug": "^4.1.1",
        "globrex": "^0.1.2",
        "tsconfck": "^3.0.3"
      },
      "peerDependencies": {
        "vite": "*"
      },
      "peerDependenciesMeta": {
        "vite": {
          "optional": true
        }
      }
    }
  }
}
